// !$*UTF8*$!
{
	archiveVersion = 1;
	classes = {
	};
	objectVersion = 50;
	objects = {

/* Begin PBXBuildFile section */
		94F059AA253C19A900569E53 /* PixabayResponse.swift in Sources */ = {isa = PBXBuildFile; fileRef = 94F059A9253C19A900569E53 /* PixabayResponse.swift */; };
		94F059AE253C763200569E53 /* PhotoListUpdateDelegate.swift in Sources */ = {isa = PBXBuildFile; fileRef = 94F059AD253C763200569E53 /* PhotoListUpdateDelegate.swift */; };
		9AA7E2DF2115AFF500D2C117 /* CustomFooterView.swift in Sources */ = {isa = PBXBuildFile; fileRef = 9AA7E2DE2115AFF500D2C117 /* CustomFooterView.swift */; };
		9AA7E2E12115C29000D2C117 /* ZoomTransitionDelegate.swift in Sources */ = {isa = PBXBuildFile; fileRef = 9AA7E2E02115C29000D2C117 /* ZoomTransitionDelegate.swift */; };
		9AA7E2E32115F12700D2C117 /* CacheManager.swift in Sources */ = {isa = PBXBuildFile; fileRef = 9AA7E2E22115F12700D2C117 /* CacheManager.swift */; };
		9AD82853210C944F00991F16 /* AppDelegate.swift in Sources */ = {isa = PBXBuildFile; fileRef = 9AD82852210C944F00991F16 /* AppDelegate.swift */; };
		9AD82858210C944F00991F16 /* Main.storyboard in Resources */ = {isa = PBXBuildFile; fileRef = 9AD82856210C944F00991F16 /* Main.storyboard */; };
		9AD8285A210C945A00991F16 /* Assets.xcassets in Resources */ = {isa = PBXBuildFile; fileRef = 9AD82859210C945A00991F16 /* Assets.xcassets */; };
		9AD8285D210C945A00991F16 /* LaunchScreen.storyboard in Resources */ = {isa = PBXBuildFile; fileRef = 9AD8285B210C945A00991F16 /* LaunchScreen.storyboard */; };
		9AD82891210CBBF900991F16 /* ImageCollectionViewCell.swift in Sources */ = {isa = PBXBuildFile; fileRef = 9AD82890210CBBF900991F16 /* ImageCollectionViewCell.swift */; };
		9AD82894210CC08E00991F16 /* PixabayPhotoModel.swift in Sources */ = {isa = PBXBuildFile; fileRef = 9AD82893210CC08E00991F16 /* PixabayPhotoModel.swift */; };
		9AD82897210CCB7C00991F16 /* PixabayDataProvider.swift in Sources */ = {isa = PBXBuildFile; fileRef = 9AD82896210CCB7C00991F16 /* PixabayDataProvider.swift */; };
		9AD82899210CCF0B00991F16 /* NetworkManager.swift in Sources */ = {isa = PBXBuildFile; fileRef = 9AD82898210CCF0B00991F16 /* NetworkManager.swift */; };
		9AD8289D210CFB3000991F16 /* MainViewController.swift in Sources */ = {isa = PBXBuildFile; fileRef = 9AD8289C210CFB3000991F16 /* MainViewController.swift */; };
		9AD8289F210CFF7D00991F16 /* CachedImageView.swift in Sources */ = {isa = PBXBuildFile; fileRef = 9AD8289E210CFF7D00991F16 /* CachedImageView.swift */; };
		9AD828A1210DD92C00991F16 /* DetailViewController.swift in Sources */ = {isa = PBXBuildFile; fileRef = 9AD828A0210DD92C00991F16 /* DetailViewController.swift */; };
/* End PBXBuildFile section */

/* Begin PBXFileReference section */
		94F059A9253C19A900569E53 /* PixabayResponse.swift */ = {isa = PBXFileReference; lastKnownFileType = sourcecode.swift; path = PixabayResponse.swift; sourceTree = "<group>"; };
		94F059AD253C763200569E53 /* PhotoListUpdateDelegate.swift */ = {isa = PBXFileReference; lastKnownFileType = sourcecode.swift; path = PhotoListUpdateDelegate.swift; sourceTree = "<group>"; };
		9AA7E2DE2115AFF500D2C117 /* CustomFooterView.swift */ = {isa = PBXFileReference; lastKnownFileType = sourcecode.swift; path = CustomFooterView.swift; sourceTree = "<group>"; };
		9AA7E2E02115C29000D2C117 /* ZoomTransitionDelegate.swift */ = {isa = PBXFileReference; lastKnownFileType = sourcecode.swift; path = ZoomTransitionDelegate.swift; sourceTree = "<group>"; };
		9AA7E2E22115F12700D2C117 /* CacheManager.swift */ = {isa = PBXFileReference; lastKnownFileType = sourcecode.swift; path = CacheManager.swift; sourceTree = "<group>"; };
		9AD8284F210C944F00991F16 /* AppStreetAssignment.app */ = {isa = PBXFileReference; explicitFileType = wrapper.application; includeInIndex = 0; path = AppStreetAssignment.app; sourceTree = BUILT_PRODUCTS_DIR; };
		9AD82852210C944F00991F16 /* AppDelegate.swift */ = {isa = PBXFileReference; lastKnownFileType = sourcecode.swift; path = AppDelegate.swift; sourceTree = "<group>"; };
		9AD82857210C944F00991F16 /* Base */ = {isa = PBXFileReference; lastKnownFileType = file.storyboard; name = Base; path = Base.lproj/Main.storyboard; sourceTree = "<group>"; };
		9AD82859210C945A00991F16 /* Assets.xcassets */ = {isa = PBXFileReference; lastKnownFileType = folder.assetcatalog; path = Assets.xcassets; sourceTree = "<group>"; };
		9AD8285C210C945A00991F16 /* Base */ = {isa = PBXFileReference; lastKnownFileType = file.storyboard; name = Base; path = Base.lproj/LaunchScreen.storyboard; sourceTree = "<group>"; };
		9AD8285E210C945A00991F16 /* Info.plist */ = {isa = PBXFileReference; lastKnownFileType = text.plist.xml; path = Info.plist; sourceTree = "<group>"; };
		9AD82890210CBBF900991F16 /* ImageCollectionViewCell.swift */ = {isa = PBXFileReference; fileEncoding = 4; lastKnownFileType = sourcecode.swift; path = ImageCollectionViewCell.swift; sourceTree = "<group>"; };
		9AD82893210CC08E00991F16 /* PixabayPhotoModel.swift */ = {isa = PBXFileReference; lastKnownFileType = sourcecode.swift; path = PixabayPhotoModel.swift; sourceTree = "<group>"; };
		9AD82896210CCB7C00991F16 /* PixabayDataProvider.swift */ = {isa = PBXFileReference; lastKnownFileType = sourcecode.swift; path = PixabayDataProvider.swift; sourceTree = "<group>"; };
		9AD82898210CCF0B00991F16 /* NetworkManager.swift */ = {isa = PBXFileReference; lastKnownFileType = sourcecode.swift; path = NetworkManager.swift; sourceTree = "<group>"; };
		9AD8289C210CFB3000991F16 /* MainViewController.swift */ = {isa = PBXFileReference; lastKnownFileType = sourcecode.swift; path = MainViewController.swift; sourceTree = "<group>"; };
		9AD8289E210CFF7D00991F16 /* CachedImageView.swift */ = {isa = PBXFileReference; lastKnownFileType = sourcecode.swift; path = CachedImageView.swift; sourceTree = "<group>"; };
		9AD828A0210DD92C00991F16 /* DetailViewController.swift */ = {isa = PBXFileReference; lastKnownFileType = sourcecode.swift; path = DetailViewController.swift; sourceTree = "<group>"; };
/* End PBXFileReference section */

/* Begin PBXFrameworksBuildPhase section */
		9AD8284C210C944F00991F16 /* Frameworks */ = {
			isa = PBXFrameworksBuildPhase;
			buildActionMask = 2147483647;
			files = (
			);
			runOnlyForDeploymentPostprocessing = 0;
		};
/* End PBXFrameworksBuildPhase section */

/* Begin PBXGroup section */
		9AD82846210C944F00991F16 = {
			isa = PBXGroup;
			children = (
				9AD82851210C944F00991F16 /* AppStreetAssignment */,
				9AD82850210C944F00991F16 /* Products */,
			);
			sourceTree = "<group>";
		};
		9AD82850210C944F00991F16 /* Products */ = {
			isa = PBXGroup;
			children = (
				9AD8284F210C944F00991F16 /* AppStreetAssignment.app */,
			);
			name = Products;
			sourceTree = "<group>";
		};
		9AD82851210C944F00991F16 /* AppStreetAssignment */ = {
			isa = PBXGroup;
			children = (
				9AD82895210CC6F100991F16 /* Network Interaction */,
				9AD8288B210CBB7C00991F16 /* Model */,
				9AD8288C210CBB8D00991F16 /* View */,
				9AD8288D210CBB9500991F16 /* Controller */,
				9AD82852210C944F00991F16 /* AppDelegate.swift */,
				9AD82859210C945A00991F16 /* Assets.xcassets */,
				9AD8285E210C945A00991F16 /* Info.plist */,
			);
			path = AppStreetAssignment;
			sourceTree = "<group>";
		};
		9AD8288B210CBB7C00991F16 /* Model */ = {
			isa = PBXGroup;
			children = (
				9AD82893210CC08E00991F16 /* PixabayPhotoModel.swift */,
			);
			path = Model;
			sourceTree = "<group>";
		};
		9AD8288C210CBB8D00991F16 /* View */ = {
			isa = PBXGroup;
			children = (
				9AD8285B210C945A00991F16 /* LaunchScreen.storyboard */,
				9AD82856210C944F00991F16 /* Main.storyboard */,
				9AD82890210CBBF900991F16 /* ImageCollectionViewCell.swift */,
				9AD8289E210CFF7D00991F16 /* CachedImageView.swift */,
				9AA7E2DE2115AFF500D2C117 /* CustomFooterView.swift */,
				9AA7E2E02115C29000D2C117 /* ZoomTransitionDelegate.swift */,
				94F059AD253C763200569E53 /* PhotoListUpdateDelegate.swift */,
			);
			path = View;
			sourceTree = "<group>";
		};
		9AD8288D210CBB9500991F16 /* Controller */ = {
			isa = PBXGroup;
			children = (
				9AD8289C210CFB3000991F16 /* MainViewController.swift */,
				9AD828A0210DD92C00991F16 /* DetailViewController.swift */,
			);
			path = Controller;
			sourceTree = "<group>";
		};
		9AD82895210CC6F100991F16 /* Network Interaction */ = {
			isa = PBXGroup;
			children = (
				9AD82896210CCB7C00991F16 /* PixabayDataProvider.swift */,
				9AD82898210CCF0B00991F16 /* NetworkManager.swift */,
				9AA7E2E22115F12700D2C117 /* CacheManager.swift */,
				94F059A9253C19A900569E53 /* PixabayResponse.swift */,
			);
			path = "Network Interaction";
			sourceTree = "<group>";
		};
/* End PBXGroup section */

/* Begin PBXNativeTarget section */
		9AD8284E210C944F00991F16 /* AppStreetAssignment */ = {
			isa = PBXNativeTarget;
			buildConfigurationList = 9AD82877210C945B00991F16 /* Build configuration list for PBXNativeTarget "AppStreetAssignment" */;
			buildPhases = (
				9AD8284B210C944F00991F16 /* Sources */,
				9AD8284C210C944F00991F16 /* Frameworks */,
				9AD8284D210C944F00991F16 /* Resources */,
			);
			buildRules = (
			);
			dependencies = (
			);
			name = AppStreetAssignment;
			productName = AppStreetAssignment;
			productReference = 9AD8284F210C944F00991F16 /* AppStreetAssignment.app */;
			productType = "com.apple.product-type.application";
		};
/* End PBXNativeTarget section */

/* Begin PBXProject section */
		9AD82847210C944F00991F16 /* Project object */ = {
			isa = PBXProject;
			attributes = {
				LastSwiftUpdateCheck = 0940;
				LastUpgradeCheck = 0940;
				ORGANIZATIONNAME = dipika;
				TargetAttributes = {
					9AD8284E210C944F00991F16 = {
						CreatedOnToolsVersion = 9.4;
						LastSwiftMigration = 0940;
					};
				};
			};
			buildConfigurationList = 9AD8284A210C944F00991F16 /* Build configuration list for PBXProject "AppStreetAssignment" */;
			compatibilityVersion = "Xcode 9.3";
			developmentRegion = en;
			hasScannedForEncodings = 0;
			knownRegions = (
				en,
				Base,
			);
			mainGroup = 9AD82846210C944F00991F16;
			productRefGroup = 9AD82850210C944F00991F16 /* Products */;
			projectDirPath = "";
			projectRoot = "";
			targets = (
				9AD8284E210C944F00991F16 /* AppStreetAssignment */,
			);
		};
/* End PBXProject section */

/* Begin PBXResourcesBuildPhase section */
		9AD8284D210C944F00991F16 /* Resources */ = {
			isa = PBXResourcesBuildPhase;
			buildActionMask = 2147483647;
			files = (
				9AD8285D210C945A00991F16 /* LaunchScreen.storyboard in Resources */,
				9AD8285A210C945A00991F16 /* Assets.xcassets in Resources */,
				9AD82858210C944F00991F16 /* Main.storyboard in Resources */,
			);
			runOnlyForDeploymentPostprocessing = 0;
		};
/* End PBXResourcesBuildPhase section */

/* Begin PBXSourcesBuildPhase section */
		9AD8284B210C944F00991F16 /* Sources */ = {
			isa = PBXSourcesBuildPhase;
			buildActionMask = 2147483647;
			files = (
				9AD82897210CCB7C00991F16 /* PixabayDataProvider.swift in Sources */,
				9AD8289F210CFF7D00991F16 /* CachedImageView.swift in Sources */,
				9AD82899210CCF0B00991F16 /* NetworkManager.swift in Sources */,
				9AD82894210CC08E00991F16 /* PixabayPhotoModel.swift in Sources */,
				9AD8289D210CFB3000991F16 /* MainViewController.swift in Sources */,
				94F059AA253C19A900569E53 /* PixabayResponse.swift in Sources */,
				9AD82853210C944F00991F16 /* AppDelegate.swift in Sources */,
				9AA7E2E32115F12700D2C117 /* CacheManager.swift in Sources */,
				94F059AE253C763200569E53 /* PhotoListUpdateDelegate.swift in Sources */,
				9AA7E2E12115C29000D2C117 /* ZoomTransitionDelegate.swift in Sources */,
				9AA7E2DF2115AFF500D2C117 /* CustomFooterView.swift in Sources */,
				9AD82891210CBBF900991F16 /* ImageCollectionViewCell.swift in Sources */,
				9AD828A1210DD92C00991F16 /* DetailViewController.swift in Sources */,
			);
			runOnlyForDeploymentPostprocessing = 0;
		};
/* End PBXSourcesBuildPhase section */

/* Begin PBXVariantGroup section */
		9AD82856210C944F00991F16 /* Main.storyboard */ = {
			isa = PBXVariantGroup;
			children = (
				9AD82857210C944F00991F16 /* Base */,
			);
			name = Main.storyboard;
			sourceTree = "<group>";
		};
		9AD8285B210C945A00991F16 /* LaunchScreen.storyboard */ = {
			isa = PBXVariantGroup;
			children = (
				9AD8285C210C945A00991F16 /* Base */,
			);
			name = LaunchScreen.storyboard;
			sourceTree = "<group>";
		};
/* End PBXVariantGroup section */

/* Begin XCBuildConfiguration section */
		9AD82875210C945B00991F16 /* Debug */ = {
			isa = XCBuildConfiguration;
			buildSettings = {
				ALWAYS_SEARCH_USER_PATHS = NO;
				CLANG_ANALYZER_NONNULL = YES;
				CLANG_ANALYZER_NUMBER_OBJECT_CONVERSION = YES_AGGRESSIVE;
				CLANG_CXX_LANGUAGE_STANDARD = "gnu++14";
				CLANG_CXX_LIBRARY = "libc++";
				CLANG_ENABLE_MODULES = YES;
				CLANG_ENABLE_OBJC_ARC = YES;
				CLANG_ENABLE_OBJC_WEAK = YES;
				CLANG_WARN_BLOCK_CAPTURE_AUTORELEASING = YES;
				CLANG_WARN_BOOL_CONVERSION = YES;
				CLANG_WARN_COMMA = YES;
				CLANG_WARN_CONSTANT_CONVERSION = YES;
				CLANG_WARN_DEPRECATED_OBJC_IMPLEMENTATIONS = YES;
				CLANG_WARN_DIRECT_OBJC_ISA_USAGE = YES_ERROR;
				CLANG_WARN_DOCUMENTATION_COMMENTS = YES;
				CLANG_WARN_EMPTY_BODY = YES;
				CLANG_WARN_ENUM_CONVERSION = YES;
				CLANG_WARN_INFINITE_RECURSION = YES;
				CLANG_WARN_INT_CONVERSION = YES;
				CLANG_WARN_NON_LITERAL_NULL_CONVERSION = YES;
				CLANG_WARN_OBJC_IMPLICIT_RETAIN_SELF = YES;
				CLANG_WARN_OBJC_LITERAL_CONVERSION = YES;
				CLANG_WARN_OBJC_ROOT_CLASS = YES_ERROR;
				CLANG_WARN_RANGE_LOOP_ANALYSIS = YES;
				CLANG_WARN_STRICT_PROTOTYPES = YES;
				CLANG_WARN_SUSPICIOUS_MOVE = YES;
				CLANG_WARN_UNGUARDED_AVAILABILITY = YES_AGGRESSIVE;
				CLANG_WARN_UNREACHABLE_CODE = YES;
				CLANG_WARN__DUPLICATE_METHOD_MATCH = YES;
				CODE_SIGN_IDENTITY = "iPhone Developer";
				COPY_PHASE_STRIP = NO;
				DEBUG_INFORMATION_FORMAT = dwarf;
				ENABLE_STRICT_OBJC_MSGSEND = YES;
				ENABLE_TESTABILITY = YES;
				GCC_C_LANGUAGE_STANDARD = gnu11;
				GCC_DYNAMIC_NO_PIC = NO;
				GCC_NO_COMMON_BLOCKS = YES;
				GCC_OPTIMIZATION_LEVEL = 0;
				GCC_PREPROCESSOR_DEFINITIONS = (
					"DEBUG=1",
					"$(inherited)",
				);
				GCC_WARN_64_TO_32_BIT_CONVERSION = YES;
				GCC_WARN_ABOUT_RETURN_TYPE = YES_ERROR;
				GCC_WARN_UNDECLARED_SELECTOR = YES;
				GCC_WARN_UNINITIALIZED_AUTOS = YES_AGGRESSIVE;
				GCC_WARN_UNUSED_FUNCTION = YES;
				GCC_WARN_UNUSED_VARIABLE = YES;
				IPHONEOS_DEPLOYMENT_TARGET = 11.4;
				MTL_ENABLE_DEBUG_INFO = YES;
				ONLY_ACTIVE_ARCH = YES;
				SDKROOT = iphoneos;
				SWIFT_ACTIVE_COMPILATION_CONDITIONS = DEBUG;
				SWIFT_OPTIMIZATION_LEVEL = "-Onone";
			};
			name = Debug;
		};
		9AD82876210C945B00991F16 /* Release */ = {
			isa = XCBuildConfiguration;
			buildSettings = {
				ALWAYS_SEARCH_USER_PATHS = NO;
				CLANG_ANALYZER_NONNULL = YES;
				CLANG_ANALYZER_NUMBER_OBJECT_CONVERSION = YES_AGGRESSIVE;
				CLANG_CXX_LANGUAGE_STANDARD = "gnu++14";
				CLANG_CXX_LIBRARY = "libc++";
				CLANG_ENABLE_MODULES = YES;
				CLANG_ENABLE_OBJC_ARC = YES;
				CLANG_ENABLE_OBJC_WEAK = YES;
				CLANG_WARN_BLOCK_CAPTURE_AUTORELEASING = YES;
				CLANG_WARN_BOOL_CONVERSION = YES;
				CLANG_WARN_COMMA = YES;
				CLANG_WARN_CONSTANT_CONVERSION = YES;
				CLANG_WARN_DEPRECATED_OBJC_IMPLEMENTATIONS = YES;
				CLANG_WARN_DIRECT_OBJC_ISA_USAGE = YES_ERROR;
				CLANG_WARN_DOCUMENTATION_COMMENTS = YES;
				CLANG_WARN_EMPTY_BODY = YES;
				CLANG_WARN_ENUM_CONVERSION = YES;
				CLANG_WARN_INFINITE_RECURSION = YES;
				CLANG_WARN_INT_CONVERSION = YES;
				CLANG_WARN_NON_LITERAL_NULL_CONVERSION = YES;
				CLANG_WARN_OBJC_IMPLICIT_RETAIN_SELF = YES;
				CLANG_WARN_OBJC_LITERAL_CONVERSION = YES;
				CLANG_WARN_OBJC_ROOT_CLASS = YES_ERROR;
				CLANG_WARN_RANGE_LOOP_ANALYSIS = YES;
				CLANG_WARN_STRICT_PROTOTYPES = YES;
				CLANG_WARN_SUSPICIOUS_MOVE = YES;
				CLANG_WARN_UNGUARDED_AVAILABILITY = YES_AGGRESSIVE;
				CLANG_WARN_UNREACHABLE_CODE = YES;
				CLANG_WARN__DUPLICATE_METHOD_MATCH = YES;
				CODE_SIGN_IDENTITY = "iPhone Developer";
				COPY_PHASE_STRIP = NO;
				DEBUG_INFORMATION_FORMAT = "dwarf-with-dsym";
				ENABLE_NS_ASSERTIONS = NO;
				ENABLE_STRICT_OBJC_MSGSEND = YES;
				GCC_C_LANGUAGE_STANDARD = gnu11;
				GCC_NO_COMMON_BLOCKS = YES;
				GCC_WARN_64_TO_32_BIT_CONVERSION = YES;
				GCC_WARN_ABOUT_RETURN_TYPE = YES_ERROR;
				GCC_WARN_UNDECLARED_SELECTOR = YES;
				GCC_WARN_UNINITIALIZED_AUTOS = YES_AGGRESSIVE;
				GCC_WARN_UNUSED_FUNCTION = YES;
				GCC_WARN_UNUSED_VARIABLE = YES;
				IPHONEOS_DEPLOYMENT_TARGET = 11.4;
				MTL_ENABLE_DEBUG_INFO = NO;
				SDKROOT = iphoneos;
				SWIFT_COMPILATION_MODE = wholemodule;
				SWIFT_OPTIMIZATION_LEVEL = "-O";
				VALIDATE_PRODUCT = YES;
			};
			name = Release;
		};
		9AD82878210C945B00991F16 /* Debug */ = {
			isa = XCBuildConfiguration;
			buildSettings = {
				ASSETCATALOG_COMPILER_APPICON_NAME = AppIcon;
				CLANG_ENABLE_MODULES = YES;
				CODE_SIGN_STYLE = Automatic;
				INFOPLIST_FILE = AppStreetAssignment/Info.plist;
				LD_RUNPATH_SEARCH_PATHS = (
					"$(inherited)",
					"@executable_path/Frameworks",
				);
				PRODUCT_BUNDLE_IDENTIFIER = com.AppStreetAssignment;
				PRODUCT_NAME = "$(TARGET_NAME)";
				SWIFT_OPTIMIZATION_LEVEL = "-Onone";
				SWIFT_VERSION = 4.0;
				TARGETED_DEVICE_FAMILY = "1,2";
			};
			name = Debug;
		};
		9AD82879210C945B00991F16 /* Release */ = {
			isa = XCBuildConfiguration;
			buildSettings = {
				ASSETCATALOG_COMPILER_APPICON_NAME = AppIcon;
				CLANG_ENABLE_MODULES = YES;
				CODE_SIGN_STYLE = Automatic;
				INFOPLIST_FILE = AppStreetAssignment/Info.plist;
				LD_RUNPATH_SEARCH_PATHS = (
					"$(inherited)",
					"@executable_path/Frameworks",
				);
				PRODUCT_BUNDLE_IDENTIFIER = com.AppStreetAssignment;
				PRODUCT_NAME = "$(TARGET_NAME)";
				SWIFT_VERSION = 4.0;
				TARGETED_DEVICE_FAMILY = "1,2";
			};
			name = Release;
		};
/* End XCBuildConfiguration section */

/* Begin XCConfigurationList section */
		9AD8284A210C944F00991F16 /* Build configuration list for PBXProject "AppStreetAssignment" */ = {
			isa = XCConfigurationList;
			buildConfigurations = (
				9AD82875210C945B00991F16 /* Debug */,
				9AD82876210C945B00991F16 /* Release */,
			);
			defaultConfigurationIsVisible = 0;
			defaultConfigurationName = Release;
		};
		9AD82877210C945B00991F16 /* Build configuration list for PBXNativeTarget "AppStreetAssignment" */ = {
			isa = XCConfigurationList;
			buildConfigurations = (
				9AD82878210C945B00991F16 /* Debug */,
				9AD82879210C945B00991F16 /* Release */,
			);
			defaultConfigurationIsVisible = 0;
			defaultConfigurationName = Release;
		};
/* End XCConfigurationList section */
	};
	rootObject = 9AD82847210C944F00991F16 /* Project object */;
}
